
Microsoft Visual Studio Solution File, Format Version 11.00
# Visual Studio 2010
Project("{FAE04EC0-301F-11D3-BF4B-00C04F79EFBC}") = "SpaceShipVR", "Assembly-CSharp.csproj", "{42512D1F-A2D3-2823-7182-680CDE9F693A}"
EndProject
Project("{FAE04EC0-301F-11D3-BF4B-00C04F79EFBC}") = "SpaceShipVR", "Assembly-CSharp-Editor.csproj", "{88E95145-D4CE-1B82-0662-956E2E4A7831}"
EndProject
Global
	GlobalSection(SolutionConfigurationPlatforms) = preSolution
		Debug|Any CPU = Debug|Any CPU
		Release|Any CPU = Release|Any CPU
	EndGlobalSection
	GlobalSection(ProjectConfigurationPlatforms) = postSolution
		{42512D1F-A2D3-2823-7182-680CDE9F693A}.Debug|Any CPU.ActiveCfg = Debug|Any CPU
		{42512D1F-A2D3-2823-7182-680CDE9F693A}.Debug|Any CPU.Build.0 = Debug|Any CPU
		{42512D1F-A2D3-2823-7182-680CDE9F693A}.Release|Any CPU.ActiveCfg = Release|Any CPU
		{42512D1F-A2D3-2823-7182-680CDE9F693A}.Release|Any CPU.Build.0 = Release|Any CPU
		{88E95145-D4CE-1B82-0662-956E2E4A7831}.Debug|Any CPU.ActiveCfg = Debug|Any CPU
		{88E95145-D4CE-1B82-0662-956E2E4A7831}.Debug|Any CPU.Build.0 = Debug|Any CPU
		{88E95145-D4CE-1B82-0662-956E2E4A7831}.Release|Any CPU.ActiveCfg = Release|Any CPU
		{88E95145-D4CE-1B82-0662-956E2E4A7831}.Release|Any CPU.Build.0 = Release|Any CPU
	EndGlobalSection
	GlobalSection(SolutionProperties) = preSolution
		HideSolutionNode = FALSE
	EndGlobalSection
	GlobalSection(MonoDevelopProperties) = preSolution
		StartupItem = Assembly-CSharp.csproj
	EndGlobalSection
EndGlobal
